
Microsoft Visual Studio Solution File, Format Version 12.00
# Visual Studio 14
VisualStudioVersion = 14.0.24720.0
MinimumVisualStudioVersion = 10.0.40219.1
Project("{FAE04EC0-301F-11D3-BF4B-00C04F79EFBC}") = "FibonacciSequenceGenerator", "FibonacciSequenceGenerator\FibonacciSequenceGenerator.csproj", "{AAE1D0B8-3E44-4F62-AD6D-81C335A07A51}"
EndProject
Global
	GlobalSection(SolutionConfigurationPlatforms) = preSolution
		Debug|Any CPU = Debug|Any CPU
		Release|Any CPU = Release|Any CPU
	EndGlobalSection
	GlobalSection(ProjectConfigurationPlatforms) = postSolution
		{AAE1D0B8-3E44-4F62-AD6D-81C335A07A51}.Debug|Any CPU.ActiveCfg = Debug|Any CPU
		{AAE1D0B8-3E44-4F62-AD6D-81C335A07A51}.Debug|Any CPU.Build.0 = Debug|Any CPU
		{AAE1D0B8-3E44-4F62-AD6D-81C335A07A51}.Release|Any CPU.ActiveCfg = Release|Any CPU
		{AAE1D0B8-3E44-4F62-AD6D-81C335A07A51}.Release|Any CPU.Build.0 = Release|Any CPU
	EndGlobalSection
	GlobalSection(SolutionProperties) = preSolution
		HideSolutionNode = FALSE
	EndGlobalSection
EndGlobal
